<?xml version="1.0" encoding="utf-8"?>
<Project ToolsVersion="4.0" xmlns="http://schemas.microsoft.com/developer/msbuild/2003">
  <ItemGroup>
    <ClInclude Include="Sizes.hpp" />
    <ClInclude Include="Vertex.hpp" />
    <ClInclude Include="Creator.hpp" />
    <ClInclude Include="Type.hpp" />
    <ClInclude Include="Vertex\Edge.hpp">
      <Filter>Vertex</Filter>
    </ClInclude>
    <ClInclude Include="Vertex\Location.hpp">
      <Filter>Vertex</Filter>
    </ClInclude>
  </ItemGroup>
  <ItemGroup>
    <Filter Include="Srcs">
      <UniqueIdentifier>{c9850803-c7e1-40c0-8547-290f16c652cf}</UniqueIdentifier>
    </Filter>
    <Filter Include="Vertex">
      <UniqueIdentifier>{c0e53e72-7cf9-41f4-b2e5-fcd6cc998a1e}</UniqueIdentifier>
    </Filter>
    <Filter Include="Vertex\Srcs">
      <UniqueIdentifier>{b3b4a035-ea98-40e0-be59-8f22885cc714}</UniqueIdentifier>
    </Filter>
  </ItemGroup>
  <ItemGroup>
    <ClCompile Include="Srcs\Sizes.cpp">
      <Filter>Srcs</Filter>
    </ClCompile>
    <ClCompile Include="Srcs\Vertex.cpp">
      <Filter>Srcs</Filter>
    </ClCompile>
    <ClCompile Include="Srcs\Type.cpp">
      <Filter>Srcs</Filter>
    </ClCompile>
    <ClCompile Include="Vertex\Srcs\Edge.cpp">
      <Filter>Vertex\Srcs</Filter>
    </ClCompile>
    <ClCompile Include="Vertex\Srcs\Location.cpp">
      <Filter>Vertex\Srcs</Filter>
    </ClCompile>
    <ClCompile Include="Srcs\Creator.cpp">
      <Filter>Srcs</Filter>
    </ClCompile>
  </ItemGroup>
</Project>